PODS:
  - DropDown (2.3.13)

DEPENDENCIES:
  - DropDown (~> 2.3.13)

SPEC REPOS:
  trunk:
    - DropDown

SPEC CHECKSUMS:
  DropDown: 8a2116376c1981888557f72ec2ffc9a5e0e456ec

<<<<<<< HEAD
PODFILE CHECKSUM: 15320b31cf50690e56771bf2f6d157cb556a21be

COCOAPODS: 1.8.4
=======
PODFILE CHECKSUM: f650a3d36e0b6da51e75ded7db7c0513e3b3b2b6

<<<<<<< HEAD
<<<<<<< HEAD
COCOAPODS: 1.8.4
=======
COCOAPODS: 1.9.1
<<<<<<< HEAD
>>>>>>> a26dd6201d56b14754ceecf6bc51c308cc0e50f3
=======
>>>>>>> dev
>>>>>>> 80c609f31aa807d7fe7f6d24adc887e17f91c9e4
=======
COCOAPODS: 1.9.3
>>>>>>> dev
