// !$*UTF8*$!
{
	archiveVersion = 1;
	classes = {
	};
	objectVersion = 51;
	objects = {

/* Begin PBXBuildFile section */
		011D6C8C24AEF7DD004056C4 /* Tutor.swift in Sources */ = {isa = PBXBuildFile; fileRef = 011D6C8B24AEF7DD004056C4 /* Tutor.swift */; };
		011D6C8E24AF02B8004056C4 /* ClassInfoVC.swift in Sources */ = {isa = PBXBuildFile; fileRef = 011D6C8D24AF02B8004056C4 /* ClassInfoVC.swift */; };
		011D6C9024AF8D53004056C4 /* ClassAddVC.swift in Sources */ = {isa = PBXBuildFile; fileRef = 011D6C8F24AF8D53004056C4 /* ClassAddVC.swift */; };
		0126397124AA00C8009EA0BA /* AppDelegate.swift in Sources */ = {isa = PBXBuildFile; fileRef = 0126397024AA00C8009EA0BA /* AppDelegate.swift */; };
		0126397324AA00C8009EA0BA /* SceneDelegate.swift in Sources */ = {isa = PBXBuildFile; fileRef = 0126397224AA00C8009EA0BA /* SceneDelegate.swift */; };
		0126397824AA00C8009EA0BA /* MainTab.storyboard in Resources */ = {isa = PBXBuildFile; fileRef = 0126397624AA00C8009EA0BA /* MainTab.storyboard */; };
		0126397A24AA00C9009EA0BA /* Assets.xcassets in Resources */ = {isa = PBXBuildFile; fileRef = 0126397924AA00C9009EA0BA /* Assets.xcassets */; };
		0126397D24AA00C9009EA0BA /* LaunchScreen.storyboard in Resources */ = {isa = PBXBuildFile; fileRef = 0126397B24AA00C9009EA0BA /* LaunchScreen.storyboard */; };
		0126398524AA034F009EA0BA /* TabbarVC.swift in Sources */ = {isa = PBXBuildFile; fileRef = 0126398424AA034F009EA0BA /* TabbarVC.swift */; };
		0126398924AA0437009EA0BA /* CalendarVC.swift in Sources */ = {isa = PBXBuildFile; fileRef = 0126398824AA0437009EA0BA /* CalendarVC.swift */; };
		0126398D24AA092F009EA0BA /* NotesVC.swift in Sources */ = {isa = PBXBuildFile; fileRef = 0126398C24AA092F009EA0BA /* NotesVC.swift */; };
		0126398F24AA09D2009EA0BA /* AlertVC.swift in Sources */ = {isa = PBXBuildFile; fileRef = 0126398E24AA09D2009EA0BA /* AlertVC.swift */; };
		0126399124AA09DD009EA0BA /* Alert.storyboard in Resources */ = {isa = PBXBuildFile; fileRef = 0126399024AA09DD009EA0BA /* Alert.storyboard */; };
		0126399324AA0A0B009EA0BA /* MyPage.storyboard in Resources */ = {isa = PBXBuildFile; fileRef = 0126399224AA0A0B009EA0BA /* MyPage.storyboard */; };
		0126399524AA0A16009EA0BA /* MyPageVC.swift in Sources */ = {isa = PBXBuildFile; fileRef = 0126399424AA0A16009EA0BA /* MyPageVC.swift */; };
		0126399B24AA4471009EA0BA /* HealthKit.framework in Frameworks */ = {isa = PBXBuildFile; fileRef = 0126399A24AA4471009EA0BA /* HealthKit.framework */; };
		0126399D24AB1558009EA0BA /* Splash.storyboard in Resources */ = {isa = PBXBuildFile; fileRef = 0126399C24AB1558009EA0BA /* Splash.storyboard */; };
		0126399F24AB1564009EA0BA /* Login.storyboard in Resources */ = {isa = PBXBuildFile; fileRef = 0126399E24AB1564009EA0BA /* Login.storyboard */; };
		012639A124AB156B009EA0BA /* SignUp.storyboard in Resources */ = {isa = PBXBuildFile; fileRef = 012639A024AB156B009EA0BA /* SignUp.storyboard */; };
		012639A324AB15CD009EA0BA /* LoginVC.swift in Sources */ = {isa = PBXBuildFile; fileRef = 012639A224AB15CD009EA0BA /* LoginVC.swift */; };
		012639A524AB15D9009EA0BA /* SignUpVC.swift in Sources */ = {isa = PBXBuildFile; fileRef = 012639A424AB15D9009EA0BA /* SignUpVC.swift */; };
		012639A724AB15E7009EA0BA /* SplashVC.swift in Sources */ = {isa = PBXBuildFile; fileRef = 012639A624AB15E7009EA0BA /* SplashVC.swift */; };
		012639AB24ADADE8009EA0BA /* CalendarCollectionViewCell.swift in Sources */ = {isa = PBXBuildFile; fileRef = 012639A924ADADE8009EA0BA /* CalendarCollectionViewCell.swift */; };
		012639AC24ADADE8009EA0BA /* CalendarCollectionViewCell.xib in Resources */ = {isa = PBXBuildFile; fileRef = 012639AA24ADADE8009EA0BA /* CalendarCollectionViewCell.xib */; };
		012639AF24ADD0F2009EA0BA /* UIColor+Additions.swift in Sources */ = {isa = PBXBuildFile; fileRef = 012639AE24ADD0F2009EA0BA /* UIColor+Additions.swift */; };
		012639B224ADF64B009EA0BA /* TutorCollectionViewCell.swift in Sources */ = {isa = PBXBuildFile; fileRef = 012639B024ADF64B009EA0BA /* TutorCollectionViewCell.swift */; };
		012E887C24B5ABCF00EF81FB /* NotesModifyVC.swift in Sources */ = {isa = PBXBuildFile; fileRef = 012E887B24B5ABCF00EF81FB /* NotesModifyVC.swift */; };
		012E887F24B5D30700EF81FB /* TutorCollectionViewCell.xib in Resources */ = {isa = PBXBuildFile; fileRef = 012E887E24B5D30700EF81FB /* TutorCollectionViewCell.xib */; };
		012E888124B5D37E00EF81FB /* Notes.storyboard in Resources */ = {isa = PBXBuildFile; fileRef = 012E888024B5D37E00EF81FB /* Notes.storyboard */; };
		012E888324B5D3FA00EF81FB /* Calendar.storyboard in Resources */ = {isa = PBXBuildFile; fileRef = 012E888224B5D3FA00EF81FB /* Calendar.storyboard */; };
		014703BE24B1F6350074D4E2 /* Extensions+String.swift in Sources */ = {isa = PBXBuildFile; fileRef = 014703BD24B1F6350074D4E2 /* Extensions+String.swift */; };
		014703C124B2CB4B0074D4E2 /* AlertTableViewCell.swift in Sources */ = {isa = PBXBuildFile; fileRef = 014703BF24B2CB4B0074D4E2 /* AlertTableViewCell.swift */; };
		014703C224B2CB4B0074D4E2 /* AlertTableViewCell.xib in Resources */ = {isa = PBXBuildFile; fileRef = 014703C024B2CB4B0074D4E2 /* AlertTableViewCell.xib */; };
		014703C424B316960074D4E2 /* AlertTableHeaderViewCell.swift in Sources */ = {isa = PBXBuildFile; fileRef = 014703C324B316960074D4E2 /* AlertTableHeaderViewCell.swift */; };
		014703C624B366B70074D4E2 /* NavigationVC.swift in Sources */ = {isa = PBXBuildFile; fileRef = 014703C524B366B70074D4E2 /* NavigationVC.swift */; };
		01C4780524B4B6760005BC45 /* CalendarDot.swift in Sources */ = {isa = PBXBuildFile; fileRef = 01C4780424B4B6760005BC45 /* CalendarDot.swift */; };
		01C8B23324B4198A00621BA3 /* ClassEditVC.swift in Sources */ = {isa = PBXBuildFile; fileRef = 01C8B23224B4198A00621BA3 /* ClassEditVC.swift */; };
		01C8B23524B42F5E00621BA3 /* Extensions+Padding.swift in Sources */ = {isa = PBXBuildFile; fileRef = 01C8B23424B42F5E00621BA3 /* Extensions+Padding.swift */; };
		3B04AD4210452352D721178E /* Pods_TutorDot_iOS.framework in Frameworks */ = {isa = PBXBuildFile; fileRef = B27A91A8FA9C5F4035959065 /* Pods_TutorDot_iOS.framework */; };
		F471772A24B203510098C827 /* ClassProgressCell.swift in Sources */ = {isa = PBXBuildFile; fileRef = F471772924B203510098C827 /* ClassProgressCell.swift */; };
		F471772C24B2036B0098C827 /* MonthJournalCell.swift in Sources */ = {isa = PBXBuildFile; fileRef = F471772B24B2036B0098C827 /* MonthJournalCell.swift */; };
		F471772E24B203810098C827 /* JournalDataCell.swift in Sources */ = {isa = PBXBuildFile; fileRef = F471772D24B203810098C827 /* JournalDataCell.swift */; };
		F471773024B218790098C827 /* NotesInfo.swift in Sources */ = {isa = PBXBuildFile; fileRef = F471772F24B218790098C827 /* NotesInfo.swift */; };
		F4D1A09624B4B7CE00B13D65 /* JournalDateHeaderView.swift in Sources */ = {isa = PBXBuildFile; fileRef = F4D1A09524B4B7CE00B13D65 /* JournalDateHeaderView.swift */; };
		F4D1A09824B4FCEA00B13D65 /* MypageNoticeSettingCell.swift in Sources */ = {isa = PBXBuildFile; fileRef = F4D1A09724B4FCEA00B13D65 /* MypageNoticeSettingCell.swift */; };
		F4D1A09A24B4FD0600B13D65 /* MypageInfoCell.swift in Sources */ = {isa = PBXBuildFile; fileRef = F4D1A09924B4FD0600B13D65 /* MypageInfoCell.swift */; };
		F4D1A09C24B4FD2B00B13D65 /* MypageServiceCell.swift in Sources */ = {isa = PBXBuildFile; fileRef = F4D1A09B24B4FD2B00B13D65 /* MypageServiceCell.swift */; };
		F4D1A09E24B50E3800B13D65 /* MypageInfo.swift in Sources */ = {isa = PBXBuildFile; fileRef = F4D1A09D24B50E3800B13D65 /* MypageInfo.swift */; };
		F4D1A0A024B515D600B13D65 /* MyClassCell.swift in Sources */ = {isa = PBXBuildFile; fileRef = F4D1A09F24B515D600B13D65 /* MyClassCell.swift */; };
		F4D1A0A224B5174800B13D65 /* MyClassInfo.swift in Sources */ = {isa = PBXBuildFile; fileRef = F4D1A0A124B5174800B13D65 /* MyClassInfo.swift */; };
/* End PBXBuildFile section */

/* Begin PBXFileReference section */
		011D6C8B24AEF7DD004056C4 /* Tutor.swift */ = {isa = PBXFileReference; lastKnownFileType = sourcecode.swift; path = Tutor.swift; sourceTree = "<group>"; };
		011D6C8D24AF02B8004056C4 /* ClassInfoVC.swift */ = {isa = PBXFileReference; lastKnownFileType = sourcecode.swift; path = ClassInfoVC.swift; sourceTree = "<group>"; };
		011D6C8F24AF8D53004056C4 /* ClassAddVC.swift */ = {isa = PBXFileReference; lastKnownFileType = sourcecode.swift; path = ClassAddVC.swift; sourceTree = "<group>"; };
		0126396D24AA00C8009EA0BA /* TutorDot_iOS.app */ = {isa = PBXFileReference; explicitFileType = wrapper.application; includeInIndex = 0; path = TutorDot_iOS.app; sourceTree = BUILT_PRODUCTS_DIR; };
		0126397024AA00C8009EA0BA /* AppDelegate.swift */ = {isa = PBXFileReference; lastKnownFileType = sourcecode.swift; path = AppDelegate.swift; sourceTree = "<group>"; };
		0126397224AA00C8009EA0BA /* SceneDelegate.swift */ = {isa = PBXFileReference; lastKnownFileType = sourcecode.swift; path = SceneDelegate.swift; sourceTree = "<group>"; };
		0126397724AA00C8009EA0BA /* Base */ = {isa = PBXFileReference; lastKnownFileType = file.storyboard; name = Base; path = Base.lproj/MainTab.storyboard; sourceTree = "<group>"; };
		0126397924AA00C9009EA0BA /* Assets.xcassets */ = {isa = PBXFileReference; lastKnownFileType = folder.assetcatalog; path = Assets.xcassets; sourceTree = "<group>"; };
		0126397C24AA00C9009EA0BA /* Base */ = {isa = PBXFileReference; lastKnownFileType = file.storyboard; name = Base; path = Base.lproj/LaunchScreen.storyboard; sourceTree = "<group>"; };
		0126397E24AA00C9009EA0BA /* Info.plist */ = {isa = PBXFileReference; lastKnownFileType = text.plist.xml; path = Info.plist; sourceTree = "<group>"; };
		0126398424AA034F009EA0BA /* TabbarVC.swift */ = {isa = PBXFileReference; lastKnownFileType = sourcecode.swift; path = TabbarVC.swift; sourceTree = "<group>"; };
		0126398824AA0437009EA0BA /* CalendarVC.swift */ = {isa = PBXFileReference; lastKnownFileType = sourcecode.swift; path = CalendarVC.swift; sourceTree = "<group>"; };
		0126398C24AA092F009EA0BA /* NotesVC.swift */ = {isa = PBXFileReference; lastKnownFileType = sourcecode.swift; path = NotesVC.swift; sourceTree = "<group>"; };
		0126398E24AA09D2009EA0BA /* AlertVC.swift */ = {isa = PBXFileReference; lastKnownFileType = sourcecode.swift; path = AlertVC.swift; sourceTree = "<group>"; };
		0126399024AA09DD009EA0BA /* Alert.storyboard */ = {isa = PBXFileReference; lastKnownFileType = file.storyboard; path = Alert.storyboard; sourceTree = "<group>"; };
		0126399224AA0A0B009EA0BA /* MyPage.storyboard */ = {isa = PBXFileReference; lastKnownFileType = file.storyboard; path = MyPage.storyboard; sourceTree = "<group>"; };
		0126399424AA0A16009EA0BA /* MyPageVC.swift */ = {isa = PBXFileReference; lastKnownFileType = sourcecode.swift; path = MyPageVC.swift; sourceTree = "<group>"; };
		0126399A24AA4471009EA0BA /* HealthKit.framework */ = {isa = PBXFileReference; lastKnownFileType = wrapper.framework; name = HealthKit.framework; path = System/Library/Frameworks/HealthKit.framework; sourceTree = SDKROOT; };
		0126399C24AB1558009EA0BA /* Splash.storyboard */ = {isa = PBXFileReference; lastKnownFileType = file.storyboard; path = Splash.storyboard; sourceTree = "<group>"; };
		0126399E24AB1564009EA0BA /* Login.storyboard */ = {isa = PBXFileReference; lastKnownFileType = file.storyboard; path = Login.storyboard; sourceTree = "<group>"; };
		012639A024AB156B009EA0BA /* SignUp.storyboard */ = {isa = PBXFileReference; lastKnownFileType = file.storyboard; path = SignUp.storyboard; sourceTree = "<group>"; };
		012639A224AB15CD009EA0BA /* LoginVC.swift */ = {isa = PBXFileReference; lastKnownFileType = sourcecode.swift; path = LoginVC.swift; sourceTree = "<group>"; };
		012639A424AB15D9009EA0BA /* SignUpVC.swift */ = {isa = PBXFileReference; lastKnownFileType = sourcecode.swift; path = SignUpVC.swift; sourceTree = "<group>"; };
		012639A624AB15E7009EA0BA /* SplashVC.swift */ = {isa = PBXFileReference; lastKnownFileType = sourcecode.swift; path = SplashVC.swift; sourceTree = "<group>"; };
		012639A924ADADE8009EA0BA /* CalendarCollectionViewCell.swift */ = {isa = PBXFileReference; lastKnownFileType = sourcecode.swift; path = CalendarCollectionViewCell.swift; sourceTree = "<group>"; };
		012639AA24ADADE8009EA0BA /* CalendarCollectionViewCell.xib */ = {isa = PBXFileReference; lastKnownFileType = file.xib; path = CalendarCollectionViewCell.xib; sourceTree = "<group>"; };
		012639AE24ADD0F2009EA0BA /* UIColor+Additions.swift */ = {isa = PBXFileReference; lastKnownFileType = sourcecode.swift; path = "UIColor+Additions.swift"; sourceTree = "<group>"; };
		012639B024ADF64B009EA0BA /* TutorCollectionViewCell.swift */ = {isa = PBXFileReference; lastKnownFileType = sourcecode.swift; path = TutorCollectionViewCell.swift; sourceTree = "<group>"; };
		012E887B24B5ABCF00EF81FB /* NotesModifyVC.swift */ = {isa = PBXFileReference; fileEncoding = 4; lastKnownFileType = sourcecode.swift; path = NotesModifyVC.swift; sourceTree = "<group>"; };
		012E887E24B5D30700EF81FB /* TutorCollectionViewCell.xib */ = {isa = PBXFileReference; fileEncoding = 4; lastKnownFileType = file.xib; path = TutorCollectionViewCell.xib; sourceTree = "<group>"; };
		012E888024B5D37E00EF81FB /* Notes.storyboard */ = {isa = PBXFileReference; fileEncoding = 4; lastKnownFileType = file.storyboard; path = Notes.storyboard; sourceTree = "<group>"; };
		012E888224B5D3FA00EF81FB /* Calendar.storyboard */ = {isa = PBXFileReference; fileEncoding = 4; lastKnownFileType = file.storyboard; path = Calendar.storyboard; sourceTree = "<group>"; };
		014703BD24B1F6350074D4E2 /* Extensions+String.swift */ = {isa = PBXFileReference; lastKnownFileType = sourcecode.swift; path = "Extensions+String.swift"; sourceTree = "<group>"; };
		014703BF24B2CB4B0074D4E2 /* AlertTableViewCell.swift */ = {isa = PBXFileReference; lastKnownFileType = sourcecode.swift; path = AlertTableViewCell.swift; sourceTree = "<group>"; };
		014703C024B2CB4B0074D4E2 /* AlertTableViewCell.xib */ = {isa = PBXFileReference; lastKnownFileType = file.xib; path = AlertTableViewCell.xib; sourceTree = "<group>"; };
		014703C324B316960074D4E2 /* AlertTableHeaderViewCell.swift */ = {isa = PBXFileReference; lastKnownFileType = sourcecode.swift; path = AlertTableHeaderViewCell.swift; sourceTree = "<group>"; };
		014703C524B366B70074D4E2 /* NavigationVC.swift */ = {isa = PBXFileReference; lastKnownFileType = sourcecode.swift; path = NavigationVC.swift; sourceTree = "<group>"; };
		01C4780424B4B6760005BC45 /* CalendarDot.swift */ = {isa = PBXFileReference; lastKnownFileType = sourcecode.swift; path = CalendarDot.swift; sourceTree = "<group>"; };
		01C8B23224B4198A00621BA3 /* ClassEditVC.swift */ = {isa = PBXFileReference; lastKnownFileType = sourcecode.swift; path = ClassEditVC.swift; sourceTree = "<group>"; };
		01C8B23424B42F5E00621BA3 /* Extensions+Padding.swift */ = {isa = PBXFileReference; lastKnownFileType = sourcecode.swift; path = "Extensions+Padding.swift"; sourceTree = "<group>"; };
		2316F30522401B1086C23B6D /* Pods-TutorDot_iOS.release.xcconfig */ = {isa = PBXFileReference; includeInIndex = 1; lastKnownFileType = text.xcconfig; name = "Pods-TutorDot_iOS.release.xcconfig"; path = "Target Support Files/Pods-TutorDot_iOS/Pods-TutorDot_iOS.release.xcconfig"; sourceTree = "<group>"; };
		56D21582807602A44764B046 /* Pods-TutorDot_iOS.debug.xcconfig */ = {isa = PBXFileReference; includeInIndex = 1; lastKnownFileType = text.xcconfig; name = "Pods-TutorDot_iOS.debug.xcconfig"; path = "Target Support Files/Pods-TutorDot_iOS/Pods-TutorDot_iOS.debug.xcconfig"; sourceTree = "<group>"; };
		B27A91A8FA9C5F4035959065 /* Pods_TutorDot_iOS.framework */ = {isa = PBXFileReference; explicitFileType = wrapper.framework; includeInIndex = 0; path = Pods_TutorDot_iOS.framework; sourceTree = BUILT_PRODUCTS_DIR; };
		F471772924B203510098C827 /* ClassProgressCell.swift */ = {isa = PBXFileReference; lastKnownFileType = sourcecode.swift; path = ClassProgressCell.swift; sourceTree = "<group>"; };
		F471772B24B2036B0098C827 /* MonthJournalCell.swift */ = {isa = PBXFileReference; lastKnownFileType = sourcecode.swift; path = MonthJournalCell.swift; sourceTree = "<group>"; };
		F471772D24B203810098C827 /* JournalDataCell.swift */ = {isa = PBXFileReference; lastKnownFileType = sourcecode.swift; path = JournalDataCell.swift; sourceTree = "<group>"; };
		F471772F24B218790098C827 /* NotesInfo.swift */ = {isa = PBXFileReference; lastKnownFileType = sourcecode.swift; path = NotesInfo.swift; sourceTree = "<group>"; };
		F4D1A09524B4B7CE00B13D65 /* JournalDateHeaderView.swift */ = {isa = PBXFileReference; lastKnownFileType = sourcecode.swift; path = JournalDateHeaderView.swift; sourceTree = "<group>"; };
		F4D1A09724B4FCEA00B13D65 /* MypageNoticeSettingCell.swift */ = {isa = PBXFileReference; lastKnownFileType = sourcecode.swift; path = MypageNoticeSettingCell.swift; sourceTree = "<group>"; };
		F4D1A09924B4FD0600B13D65 /* MypageInfoCell.swift */ = {isa = PBXFileReference; lastKnownFileType = sourcecode.swift; path = MypageInfoCell.swift; sourceTree = "<group>"; };
		F4D1A09B24B4FD2B00B13D65 /* MypageServiceCell.swift */ = {isa = PBXFileReference; lastKnownFileType = sourcecode.swift; path = MypageServiceCell.swift; sourceTree = "<group>"; };
		F4D1A09D24B50E3800B13D65 /* MypageInfo.swift */ = {isa = PBXFileReference; lastKnownFileType = sourcecode.swift; path = MypageInfo.swift; sourceTree = "<group>"; };
		F4D1A09F24B515D600B13D65 /* MyClassCell.swift */ = {isa = PBXFileReference; lastKnownFileType = sourcecode.swift; path = MyClassCell.swift; sourceTree = "<group>"; };
		F4D1A0A124B5174800B13D65 /* MyClassInfo.swift */ = {isa = PBXFileReference; lastKnownFileType = sourcecode.swift; path = MyClassInfo.swift; sourceTree = "<group>"; };
		F4D1A0A924B5AD8F00B13D65 /* NotesModifyVC.swift */ = {isa = PBXFileReference; fileEncoding = 4; lastKnownFileType = sourcecode.swift; path = NotesModifyVC.swift; sourceTree = "<group>"; };
/* End PBXFileReference section */

/* Begin PBXFrameworksBuildPhase section */
		0126396A24AA00C8009EA0BA /* Frameworks */ = {
			isa = PBXFrameworksBuildPhase;
			buildActionMask = 2147483647;
			files = (
				0126399B24AA4471009EA0BA /* HealthKit.framework in Frameworks */,
				3B04AD4210452352D721178E /* Pods_TutorDot_iOS.framework in Frameworks */,
			);
			runOnlyForDeploymentPostprocessing = 0;
		};
/* End PBXFrameworksBuildPhase section */

/* Begin PBXGroup section */
		0126396424AA00C8009EA0BA = {
			isa = PBXGroup;
			children = (
				0126396F24AA00C8009EA0BA /* TutorDot_iOS */,
				0126396E24AA00C8009EA0BA /* Products */,
				0126399924AA4471009EA0BA /* Frameworks */,
				721B7FA9DF64972388BD1DC0 /* Pods */,
				012E887624B5A66C00EF81FB /* Recovered References */,
			);
			sourceTree = "<group>";
		};
		0126396E24AA00C8009EA0BA /* Products */ = {
			isa = PBXGroup;
			children = (
				0126396D24AA00C8009EA0BA /* TutorDot_iOS.app */,
			);
			name = Products;
			sourceTree = "<group>";
		};
		0126396F24AA00C8009EA0BA /* TutorDot_iOS */ = {
			isa = PBXGroup;
			children = (
				F4D1A0AE24B5C8EA00B13D65 /* Resource */,
				F4D1A0AD24B5C8DD00B13D65 /* Source */,
			);
			path = TutorDot_iOS;
			sourceTree = "<group>";
		};
		0126399624AA0AF1009EA0BA /* VCs */ = {
			isa = PBXGroup;
			children = (
				0126398824AA0437009EA0BA /* CalendarVC.swift */,
				0126398C24AA092F009EA0BA /* NotesVC.swift */,
				0126398E24AA09D2009EA0BA /* AlertVC.swift */,
				012E887B24B5ABCF00EF81FB /* NotesModifyVC.swift */,
				0126399424AA0A16009EA0BA /* MyPageVC.swift */,
				0126398424AA034F009EA0BA /* TabbarVC.swift */,
				012639A224AB15CD009EA0BA /* LoginVC.swift */,
				012639A424AB15D9009EA0BA /* SignUpVC.swift */,
				012639A624AB15E7009EA0BA /* SplashVC.swift */,
				F4D1A0A924B5AD8F00B13D65 /* NotesModifyVC.swift */,
				011D6C8D24AF02B8004056C4 /* ClassInfoVC.swift */,
				011D6C8F24AF8D53004056C4 /* ClassAddVC.swift */,
				014703C524B366B70074D4E2 /* NavigationVC.swift */,
				01C8B23224B4198A00621BA3 /* ClassEditVC.swift */,
			);
			path = VCs;
			sourceTree = "<group>";
		};
		0126399724AA0B0A009EA0BA /* Storyboards */ = {
			isa = PBXGroup;
			children = (
				0126397624AA00C8009EA0BA /* MainTab.storyboard */,
				0126397B24AA00C9009EA0BA /* LaunchScreen.storyboard */,
				0126399024AA09DD009EA0BA /* Alert.storyboard */,
				012E888024B5D37E00EF81FB /* Notes.storyboard */,
				012E888224B5D3FA00EF81FB /* Calendar.storyboard */,
				0126399224AA0A0B009EA0BA /* MyPage.storyboard */,
				0126399C24AB1558009EA0BA /* Splash.storyboard */,
				0126399E24AB1564009EA0BA /* Login.storyboard */,
				012639A024AB156B009EA0BA /* SignUp.storyboard */,
			);
			path = Storyboards;
			sourceTree = "<group>";
		};
		0126399924AA4471009EA0BA /* Frameworks */ = {
			isa = PBXGroup;
			children = (
				0126399A24AA4471009EA0BA /* HealthKit.framework */,
				B27A91A8FA9C5F4035959065 /* Pods_TutorDot_iOS.framework */,
			);
			name = Frameworks;
			sourceTree = "<group>";
		};
		012639A824ADAD86009EA0BA /* Cells */ = {
			isa = PBXGroup;
			children = (
				012639A924ADADE8009EA0BA /* CalendarCollectionViewCell.swift */,
				012639B024ADF64B009EA0BA /* TutorCollectionViewCell.swift */,
				F471772924B203510098C827 /* ClassProgressCell.swift */,
				F471772B24B2036B0098C827 /* MonthJournalCell.swift */,
				F471772D24B203810098C827 /* JournalDataCell.swift */,
				F4D1A09724B4FCEA00B13D65 /* MypageNoticeSettingCell.swift */,
				F4D1A09924B4FD0600B13D65 /* MypageInfoCell.swift */,
				F4D1A09B24B4FD2B00B13D65 /* MypageServiceCell.swift */,
				F4D1A09F24B515D600B13D65 /* MyClassCell.swift */,
				014703BF24B2CB4B0074D4E2 /* AlertTableViewCell.swift */,
			);
			path = Cells;
			sourceTree = "<group>";
		};
		012639AD24ADCF6A009EA0BA /* Extensions */ = {
			isa = PBXGroup;
			children = (
				012639AE24ADD0F2009EA0BA /* UIColor+Additions.swift */,
				014703BD24B1F6350074D4E2 /* Extensions+String.swift */,
				01C8B23424B42F5E00621BA3 /* Extensions+Padding.swift */,
			);
			path = Extensions;
			sourceTree = "<group>";
		};
		012E887624B5A66C00EF81FB /* Recovered References */ = {
			isa = PBXGroup;
			children = (
			);
			name = "Recovered References";
			sourceTree = "<group>";
		};
		721B7FA9DF64972388BD1DC0 /* Pods */ = {
			isa = PBXGroup;
			children = (
				56D21582807602A44764B046 /* Pods-TutorDot_iOS.debug.xcconfig */,
				2316F30522401B1086C23B6D /* Pods-TutorDot_iOS.release.xcconfig */,
			);
			path = Pods;
			sourceTree = "<group>";
		};
		F4D1A09424B4B79C00B13D65 /* Views */ = {
			isa = PBXGroup;
			children = (
				014703C324B316960074D4E2 /* AlertTableHeaderViewCell.swift */,
				F4D1A09524B4B7CE00B13D65 /* JournalDateHeaderView.swift */,
			);
			path = Views;
			sourceTree = "<group>";
		};
		F4D1A0AC24B5C89C00B13D65 /* Models */ = {
			isa = PBXGroup;
			children = (
				F471772F24B218790098C827 /* NotesInfo.swift */,
				F4D1A09D24B50E3800B13D65 /* MypageInfo.swift */,
				F4D1A0A124B5174800B13D65 /* MyClassInfo.swift */,
				011D6C8B24AEF7DD004056C4 /* Tutor.swift */,
				01C4780424B4B6760005BC45 /* CalendarDot.swift */,
			);
			path = Models;
			sourceTree = "<group>";
		};
		F4D1A0AD24B5C8DD00B13D65 /* Source */ = {
			isa = PBXGroup;
			children = (
				F4D1A0AF24B5C92C00B13D65 /* NetworkData */,
				012639AD24ADCF6A009EA0BA /* Extensions */,
				012639A824ADAD86009EA0BA /* Cells */,
				F4D1A09424B4B79C00B13D65 /* Views */,
				F4D1A0AC24B5C89C00B13D65 /* Models */,
				0126399624AA0AF1009EA0BA /* VCs */,
				0126397E24AA00C9009EA0BA /* Info.plist */,
				0126397024AA00C8009EA0BA /* AppDelegate.swift */,
				0126397224AA00C8009EA0BA /* SceneDelegate.swift */,
			);
			path = Source;
			sourceTree = "<group>";
		};
		F4D1A0AE24B5C8EA00B13D65 /* Resource */ = {
			isa = PBXGroup;
			children = (
				F4D1A0B124B5C9DC00B13D65 /* APIService */,
				F4D1A0B024B5C95500B13D65 /* Nibs */,
				0126399724AA0B0A009EA0BA /* Storyboards */,
				0126397924AA00C9009EA0BA /* Assets.xcassets */,
			);
			path = Resource;
			sourceTree = "<group>";
		};
		F4D1A0AF24B5C92C00B13D65 /* NetworkData */ = {
			isa = PBXGroup;
			children = (
			);
			path = NetworkData;
			sourceTree = "<group>";
		};
		F4D1A0B024B5C95500B13D65 /* Nibs */ = {
			isa = PBXGroup;
			children = (
				012639AA24ADADE8009EA0BA /* CalendarCollectionViewCell.xib */,
				012E887E24B5D30700EF81FB /* TutorCollectionViewCell.xib */,
				014703C024B2CB4B0074D4E2 /* AlertTableViewCell.xib */,
			);
			path = Nibs;
			sourceTree = "<group>";
		};
		F4D1A0B124B5C9DC00B13D65 /* APIService */ = {
			isa = PBXGroup;
			children = (
			);
			path = APIService;
			sourceTree = "<group>";
		};
/* End PBXGroup section */

/* Begin PBXNativeTarget section */
		0126396C24AA00C8009EA0BA /* TutorDot_iOS */ = {
			isa = PBXNativeTarget;
			buildConfigurationList = 0126398124AA00C9009EA0BA /* Build configuration list for PBXNativeTarget "TutorDot_iOS" */;
			buildPhases = (
				9CAFB9E3D0877B3E29AE50B9 /* [CP] Check Pods Manifest.lock */,
				0126396924AA00C8009EA0BA /* Sources */,
				0126396A24AA00C8009EA0BA /* Frameworks */,
				0126396B24AA00C8009EA0BA /* Resources */,
				985B0DA17BD501D486D5CDF6 /* [CP] Embed Pods Frameworks */,
			);
			buildRules = (
			);
			dependencies = (
			);
			name = TutorDot_iOS;
			productName = TutorDot_iOS;
			productReference = 0126396D24AA00C8009EA0BA /* TutorDot_iOS.app */;
			productType = "com.apple.product-type.application";
		};
/* End PBXNativeTarget section */

/* Begin PBXProject section */
		0126396524AA00C8009EA0BA /* Project object */ = {
			isa = PBXProject;
			attributes = {
				LastSwiftUpdateCheck = 1130;
				LastUpgradeCheck = 1130;
				ORGANIZATIONNAME = "Sehwa Ryu";
				TargetAttributes = {
					0126396C24AA00C8009EA0BA = {
						CreatedOnToolsVersion = 11.3.1;
					};
				};
			};
			buildConfigurationList = 0126396824AA00C8009EA0BA /* Build configuration list for PBXProject "TutorDot_iOS" */;
			compatibilityVersion = "Xcode 9.3";
			developmentRegion = en;
			hasScannedForEncodings = 0;
			knownRegions = (
				en,
				Base,
			);
			mainGroup = 0126396424AA00C8009EA0BA;
			productRefGroup = 0126396E24AA00C8009EA0BA /* Products */;
			projectDirPath = "";
			projectRoot = "";
			targets = (
				0126396C24AA00C8009EA0BA /* TutorDot_iOS */,
			);
		};
/* End PBXProject section */

/* Begin PBXResourcesBuildPhase section */
		0126396B24AA00C8009EA0BA /* Resources */ = {
			isa = PBXResourcesBuildPhase;
			buildActionMask = 2147483647;
			files = (
				0126397D24AA00C9009EA0BA /* LaunchScreen.storyboard in Resources */,
				012639AC24ADADE8009EA0BA /* CalendarCollectionViewCell.xib in Resources */,
				0126399D24AB1558009EA0BA /* Splash.storyboard in Resources */,
				012639A124AB156B009EA0BA /* SignUp.storyboard in Resources */,
				014703C224B2CB4B0074D4E2 /* AlertTableViewCell.xib in Resources */,
				012E887F24B5D30700EF81FB /* TutorCollectionViewCell.xib in Resources */,
				012E888124B5D37E00EF81FB /* Notes.storyboard in Resources */,
				0126397A24AA00C9009EA0BA /* Assets.xcassets in Resources */,
				0126399324AA0A0B009EA0BA /* MyPage.storyboard in Resources */,
				0126397824AA00C8009EA0BA /* MainTab.storyboard in Resources */,
				0126399124AA09DD009EA0BA /* Alert.storyboard in Resources */,
				012E888324B5D3FA00EF81FB /* Calendar.storyboard in Resources */,
				0126399F24AB1564009EA0BA /* Login.storyboard in Resources */,
			);
			runOnlyForDeploymentPostprocessing = 0;
		};
/* End PBXResourcesBuildPhase section */

/* Begin PBXShellScriptBuildPhase section */
		985B0DA17BD501D486D5CDF6 /* [CP] Embed Pods Frameworks */ = {
			isa = PBXShellScriptBuildPhase;
			buildActionMask = 2147483647;
			files = (
			);
			inputFileListPaths = (
				"${PODS_ROOT}/Target Support Files/Pods-TutorDot_iOS/Pods-TutorDot_iOS-frameworks-${CONFIGURATION}-input-files.xcfilelist",
			);
			name = "[CP] Embed Pods Frameworks";
			outputFileListPaths = (
				"${PODS_ROOT}/Target Support Files/Pods-TutorDot_iOS/Pods-TutorDot_iOS-frameworks-${CONFIGURATION}-output-files.xcfilelist",
			);
			runOnlyForDeploymentPostprocessing = 0;
			shellPath = /bin/sh;
			shellScript = "\"${PODS_ROOT}/Target Support Files/Pods-TutorDot_iOS/Pods-TutorDot_iOS-frameworks.sh\"\n";
			showEnvVarsInLog = 0;
		};
		9CAFB9E3D0877B3E29AE50B9 /* [CP] Check Pods Manifest.lock */ = {
			isa = PBXShellScriptBuildPhase;
			buildActionMask = 2147483647;
			files = (
			);
			inputFileListPaths = (
			);
			inputPaths = (
				"${PODS_PODFILE_DIR_PATH}/Podfile.lock",
				"${PODS_ROOT}/Manifest.lock",
			);
			name = "[CP] Check Pods Manifest.lock";
			outputFileListPaths = (
			);
			outputPaths = (
				"$(DERIVED_FILE_DIR)/Pods-TutorDot_iOS-checkManifestLockResult.txt",
			);
			runOnlyForDeploymentPostprocessing = 0;
			shellPath = /bin/sh;
			shellScript = "diff \"${PODS_PODFILE_DIR_PATH}/Podfile.lock\" \"${PODS_ROOT}/Manifest.lock\" > /dev/null\nif [ $? != 0 ] ; then\n    # print error to STDERR\n    echo \"error: The sandbox is not in sync with the Podfile.lock. Run 'pod install' or update your CocoaPods installation.\" >&2\n    exit 1\nfi\n# This output is used by Xcode 'outputs' to avoid re-running this script phase.\necho \"SUCCESS\" > \"${SCRIPT_OUTPUT_FILE_0}\"\n";
			showEnvVarsInLog = 0;
		};
/* End PBXShellScriptBuildPhase section */

/* Begin PBXSourcesBuildPhase section */
		0126396924AA00C8009EA0BA /* Sources */ = {
			isa = PBXSourcesBuildPhase;
			buildActionMask = 2147483647;
			files = (
				014703C124B2CB4B0074D4E2 /* AlertTableViewCell.swift in Sources */,
				0126398924AA0437009EA0BA /* CalendarVC.swift in Sources */,
				012E887C24B5ABCF00EF81FB /* NotesModifyVC.swift in Sources */,
				014703C424B316960074D4E2 /* AlertTableHeaderViewCell.swift in Sources */,
				011D6C8C24AEF7DD004056C4 /* Tutor.swift in Sources */,
				F471772C24B2036B0098C827 /* MonthJournalCell.swift in Sources */,
				F471773024B218790098C827 /* NotesInfo.swift in Sources */,
				F4D1A09C24B4FD2B00B13D65 /* MypageServiceCell.swift in Sources */,
				01C8B23524B42F5E00621BA3 /* Extensions+Padding.swift in Sources */,
				011D6C8C24AEF7DD004056C4 /* Tutor.swift in Sources */,
				012639A724AB15E7009EA0BA /* SplashVC.swift in Sources */,
				01C8B23324B4198A00621BA3 /* ClassEditVC.swift in Sources */,
				011D6C9024AF8D53004056C4 /* ClassAddVC.swift in Sources */,
				014703BE24B1F6350074D4E2 /* Extensions+String.swift in Sources */,
				012639A524AB15D9009EA0BA /* SignUpVC.swift in Sources */,
				F471772A24B203510098C827 /* ClassProgressCell.swift in Sources */,
				0126397124AA00C8009EA0BA /* AppDelegate.swift in Sources */,
				012639A324AB15CD009EA0BA /* LoginVC.swift in Sources */,
				012639AF24ADD0F2009EA0BA /* UIColor+Additions.swift in Sources */,
				F471772E24B203810098C827 /* JournalDataCell.swift in Sources */,
				012639B224ADF64B009EA0BA /* TutorCollectionViewCell.swift in Sources */,
				0126398524AA034F009EA0BA /* TabbarVC.swift in Sources */,
				F4D1A09A24B4FD0600B13D65 /* MypageInfoCell.swift in Sources */,
				F4D1A0A224B5174800B13D65 /* MyClassInfo.swift in Sources */,
				F4D1A09E24B50E3800B13D65 /* MypageInfo.swift in Sources */,
				01C4780524B4B6760005BC45 /* CalendarDot.swift in Sources */,
				011D6C8E24AF02B8004056C4 /* ClassInfoVC.swift in Sources */,
				014703C624B366B70074D4E2 /* NavigationVC.swift in Sources */,
				0126398D24AA092F009EA0BA /* NotesVC.swift in Sources */,
				F4D1A0A024B515D600B13D65 /* MyClassCell.swift in Sources */,
				0126399524AA0A16009EA0BA /* MyPageVC.swift in Sources */,
				F4D1A09824B4FCEA00B13D65 /* MypageNoticeSettingCell.swift in Sources */,
				012639AB24ADADE8009EA0BA /* CalendarCollectionViewCell.swift in Sources */,
				0126397324AA00C8009EA0BA /* SceneDelegate.swift in Sources */,
				0126398F24AA09D2009EA0BA /* AlertVC.swift in Sources */,
				F4D1A09624B4B7CE00B13D65 /* JournalDateHeaderView.swift in Sources */,
			);
			runOnlyForDeploymentPostprocessing = 0;
		};
/* End PBXSourcesBuildPhase section */

/* Begin PBXVariantGroup section */
		0126397624AA00C8009EA0BA /* MainTab.storyboard */ = {
			isa = PBXVariantGroup;
			children = (
				0126397724AA00C8009EA0BA /* Base */,
			);
			name = MainTab.storyboard;
			sourceTree = "<group>";
		};
		0126397B24AA00C9009EA0BA /* LaunchScreen.storyboard */ = {
			isa = PBXVariantGroup;
			children = (
				0126397C24AA00C9009EA0BA /* Base */,
			);
			name = LaunchScreen.storyboard;
			sourceTree = "<group>";
		};
/* End PBXVariantGroup section */

/* Begin XCBuildConfiguration section */
		0126397F24AA00C9009EA0BA /* Debug */ = {
			isa = XCBuildConfiguration;
			buildSettings = {
				ALWAYS_SEARCH_USER_PATHS = NO;
				CLANG_ANALYZER_NONNULL = YES;
				CLANG_ANALYZER_NUMBER_OBJECT_CONVERSION = YES_AGGRESSIVE;
				CLANG_CXX_LANGUAGE_STANDARD = "gnu++14";
				CLANG_CXX_LIBRARY = "libc++";
				CLANG_ENABLE_MODULES = YES;
				CLANG_ENABLE_OBJC_ARC = YES;
				CLANG_ENABLE_OBJC_WEAK = YES;
				CLANG_WARN_BLOCK_CAPTURE_AUTORELEASING = YES;
				CLANG_WARN_BOOL_CONVERSION = YES;
				CLANG_WARN_COMMA = YES;
				CLANG_WARN_CONSTANT_CONVERSION = YES;
				CLANG_WARN_DEPRECATED_OBJC_IMPLEMENTATIONS = YES;
				CLANG_WARN_DIRECT_OBJC_ISA_USAGE = YES_ERROR;
				CLANG_WARN_DOCUMENTATION_COMMENTS = YES;
				CLANG_WARN_EMPTY_BODY = YES;
				CLANG_WARN_ENUM_CONVERSION = YES;
				CLANG_WARN_INFINITE_RECURSION = YES;
				CLANG_WARN_INT_CONVERSION = YES;
				CLANG_WARN_NON_LITERAL_NULL_CONVERSION = YES;
				CLANG_WARN_OBJC_IMPLICIT_RETAIN_SELF = YES;
				CLANG_WARN_OBJC_LITERAL_CONVERSION = YES;
				CLANG_WARN_OBJC_ROOT_CLASS = YES_ERROR;
				CLANG_WARN_RANGE_LOOP_ANALYSIS = YES;
				CLANG_WARN_STRICT_PROTOTYPES = YES;
				CLANG_WARN_SUSPICIOUS_MOVE = YES;
				CLANG_WARN_UNGUARDED_AVAILABILITY = YES_AGGRESSIVE;
				CLANG_WARN_UNREACHABLE_CODE = YES;
				CLANG_WARN__DUPLICATE_METHOD_MATCH = YES;
				COPY_PHASE_STRIP = NO;
				DEBUG_INFORMATION_FORMAT = dwarf;
				ENABLE_STRICT_OBJC_MSGSEND = YES;
				ENABLE_TESTABILITY = YES;
				GCC_C_LANGUAGE_STANDARD = gnu11;
				GCC_DYNAMIC_NO_PIC = NO;
				GCC_NO_COMMON_BLOCKS = YES;
				GCC_OPTIMIZATION_LEVEL = 0;
				GCC_PREPROCESSOR_DEFINITIONS = (
					"DEBUG=1",
					"$(inherited)",
				);
				GCC_WARN_64_TO_32_BIT_CONVERSION = YES;
				GCC_WARN_ABOUT_RETURN_TYPE = YES_ERROR;
				GCC_WARN_UNDECLARED_SELECTOR = YES;
				GCC_WARN_UNINITIALIZED_AUTOS = YES_AGGRESSIVE;
				GCC_WARN_UNUSED_FUNCTION = YES;
				GCC_WARN_UNUSED_VARIABLE = YES;
				IPHONEOS_DEPLOYMENT_TARGET = 13.2;
				MTL_ENABLE_DEBUG_INFO = INCLUDE_SOURCE;
				MTL_FAST_MATH = YES;
				ONLY_ACTIVE_ARCH = YES;
				SDKROOT = iphoneos;
				SWIFT_ACTIVE_COMPILATION_CONDITIONS = DEBUG;
				SWIFT_OPTIMIZATION_LEVEL = "-Onone";
			};
			name = Debug;
		};
		0126398024AA00C9009EA0BA /* Release */ = {
			isa = XCBuildConfiguration;
			buildSettings = {
				ALWAYS_SEARCH_USER_PATHS = NO;
				CLANG_ANALYZER_NONNULL = YES;
				CLANG_ANALYZER_NUMBER_OBJECT_CONVERSION = YES_AGGRESSIVE;
				CLANG_CXX_LANGUAGE_STANDARD = "gnu++14";
				CLANG_CXX_LIBRARY = "libc++";
				CLANG_ENABLE_MODULES = YES;
				CLANG_ENABLE_OBJC_ARC = YES;
				CLANG_ENABLE_OBJC_WEAK = YES;
				CLANG_WARN_BLOCK_CAPTURE_AUTORELEASING = YES;
				CLANG_WARN_BOOL_CONVERSION = YES;
				CLANG_WARN_COMMA = YES;
				CLANG_WARN_CONSTANT_CONVERSION = YES;
				CLANG_WARN_DEPRECATED_OBJC_IMPLEMENTATIONS = YES;
				CLANG_WARN_DIRECT_OBJC_ISA_USAGE = YES_ERROR;
				CLANG_WARN_DOCUMENTATION_COMMENTS = YES;
				CLANG_WARN_EMPTY_BODY = YES;
				CLANG_WARN_ENUM_CONVERSION = YES;
				CLANG_WARN_INFINITE_RECURSION = YES;
				CLANG_WARN_INT_CONVERSION = YES;
				CLANG_WARN_NON_LITERAL_NULL_CONVERSION = YES;
				CLANG_WARN_OBJC_IMPLICIT_RETAIN_SELF = YES;
				CLANG_WARN_OBJC_LITERAL_CONVERSION = YES;
				CLANG_WARN_OBJC_ROOT_CLASS = YES_ERROR;
				CLANG_WARN_RANGE_LOOP_ANALYSIS = YES;
				CLANG_WARN_STRICT_PROTOTYPES = YES;
				CLANG_WARN_SUSPICIOUS_MOVE = YES;
				CLANG_WARN_UNGUARDED_AVAILABILITY = YES_AGGRESSIVE;
				CLANG_WARN_UNREACHABLE_CODE = YES;
				CLANG_WARN__DUPLICATE_METHOD_MATCH = YES;
				COPY_PHASE_STRIP = NO;
				DEBUG_INFORMATION_FORMAT = "dwarf-with-dsym";
				ENABLE_NS_ASSERTIONS = NO;
				ENABLE_STRICT_OBJC_MSGSEND = YES;
				GCC_C_LANGUAGE_STANDARD = gnu11;
				GCC_NO_COMMON_BLOCKS = YES;
				GCC_WARN_64_TO_32_BIT_CONVERSION = YES;
				GCC_WARN_ABOUT_RETURN_TYPE = YES_ERROR;
				GCC_WARN_UNDECLARED_SELECTOR = YES;
				GCC_WARN_UNINITIALIZED_AUTOS = YES_AGGRESSIVE;
				GCC_WARN_UNUSED_FUNCTION = YES;
				GCC_WARN_UNUSED_VARIABLE = YES;
				IPHONEOS_DEPLOYMENT_TARGET = 13.2;
				MTL_ENABLE_DEBUG_INFO = NO;
				MTL_FAST_MATH = YES;
				SDKROOT = iphoneos;
				SWIFT_COMPILATION_MODE = wholemodule;
				SWIFT_OPTIMIZATION_LEVEL = "-O";
				VALIDATE_PRODUCT = YES;
			};
			name = Release;
		};
		0126398224AA00C9009EA0BA /* Debug */ = {
			isa = XCBuildConfiguration;
			baseConfigurationReference = 56D21582807602A44764B046 /* Pods-TutorDot_iOS.debug.xcconfig */;
			buildSettings = {
				ASSETCATALOG_COMPILER_APPICON_NAME = AppIcon;
				CODE_SIGN_STYLE = Automatic;
				DEVELOPMENT_TEAM = M2BP76V5D4;
				INFOPLIST_FILE = TutorDot_iOS/Info.plist;
				LD_RUNPATH_SEARCH_PATHS = (
					"$(inherited)",
					"@executable_path/Frameworks",
				);
				PRODUCT_BUNDLE_IDENTIFIER = com.InjeongZzang;
				PRODUCT_NAME = "$(TARGET_NAME)";
				SWIFT_VERSION = 5.0;
				TARGETED_DEVICE_FAMILY = "1,2";
			};
			name = Debug;
		};
		0126398324AA00C9009EA0BA /* Release */ = {
			isa = XCBuildConfiguration;
			baseConfigurationReference = 2316F30522401B1086C23B6D /* Pods-TutorDot_iOS.release.xcconfig */;
			buildSettings = {
				ASSETCATALOG_COMPILER_APPICON_NAME = AppIcon;
				CODE_SIGN_ENTITLEMENTS = TutorDot_iOS/TutorDot_iOSRelease.entitlements;
				CODE_SIGN_STYLE = Automatic;
				DEVELOPMENT_TEAM = M2BP76V5D4;
				INFOPLIST_FILE = TutorDot_iOS/Info.plist;
				LD_RUNPATH_SEARCH_PATHS = (
					"$(inherited)",
					"@executable_path/Frameworks",
				);
				PRODUCT_BUNDLE_IDENTIFIER = com.InjeongZzang;
				PRODUCT_NAME = "$(TARGET_NAME)";
				SWIFT_VERSION = 5.0;
				TARGETED_DEVICE_FAMILY = "1,2";
			};
			name = Release;
		};
/* End XCBuildConfiguration section */

/* Begin XCConfigurationList section */
		0126396824AA00C8009EA0BA /* Build configuration list for PBXProject "TutorDot_iOS" */ = {
			isa = XCConfigurationList;
			buildConfigurations = (
				0126397F24AA00C9009EA0BA /* Debug */,
				0126398024AA00C9009EA0BA /* Release */,
			);
			defaultConfigurationIsVisible = 0;
			defaultConfigurationName = Release;
		};
		0126398124AA00C9009EA0BA /* Build configuration list for PBXNativeTarget "TutorDot_iOS" */ = {
			isa = XCConfigurationList;
			buildConfigurations = (
				0126398224AA00C9009EA0BA /* Debug */,
				0126398324AA00C9009EA0BA /* Release */,
			);
			defaultConfigurationIsVisible = 0;
			defaultConfigurationName = Release;
		};
/* End XCConfigurationList section */
	};
	rootObject = 0126396524AA00C8009EA0BA /* Project object */;
}
